
Microsoft Visual Studio Solution File, Format Version 12.00
# Visual Studio 2012
Project("{FAE04EC0-301F-11D3-BF4B-00C04F79EFBC}") = "CSharpStringEscaper", "CSharpStringEscaper\CSharpStringEscaper.csproj", "{354AFC5B-3AD3-40C2-9436-77141326FE5E}"
EndProject
Global
	GlobalSection(SolutionConfigurationPlatforms) = preSolution
		Debug|Any CPU = Debug|Any CPU
		Release|Any CPU = Release|Any CPU
	EndGlobalSection
	GlobalSection(ProjectConfigurationPlatforms) = postSolution
		{354AFC5B-3AD3-40C2-9436-77141326FE5E}.Debug|Any CPU.ActiveCfg = Debug|Any CPU
		{354AFC5B-3AD3-40C2-9436-77141326FE5E}.Debug|Any CPU.Build.0 = Debug|Any CPU
		{354AFC5B-3AD3-40C2-9436-77141326FE5E}.Release|Any CPU.ActiveCfg = Release|Any CPU
		{354AFC5B-3AD3-40C2-9436-77141326FE5E}.Release|Any CPU.Build.0 = Release|Any CPU
	EndGlobalSection
	GlobalSection(SolutionProperties) = preSolution
		HideSolutionNode = FALSE
	EndGlobalSection
EndGlobal
